
Microsoft Visual Studio Solution File, Format Version 12.00
# Visual Studio Version 16
VisualStudioVersion = 16.0.29123.88
MinimumVisualStudioVersion = 10.0.40219.1
Project("{FAE04EC0-301F-11D3-BF4B-00C04F79EFBC}") = "WinformFinal", "29-07-19-test\WinformFinal.csproj", "{45FD9B7D-FD70-4898-BA03-83EA4EF8BDAC}"
EndProject
Global
	GlobalSection(SolutionConfigurationPlatforms) = preSolution
		Debug|Any CPU = Debug|Any CPU
		Release|Any CPU = Release|Any CPU
	EndGlobalSection
	GlobalSection(ProjectConfigurationPlatforms) = postSolution
		{45FD9B7D-FD70-4898-BA03-83EA4EF8BDAC}.Debug|Any CPU.ActiveCfg = Debug|Any CPU
		{45FD9B7D-FD70-4898-BA03-83EA4EF8BDAC}.Debug|Any CPU.Build.0 = Debug|Any CPU
		{45FD9B7D-FD70-4898-BA03-83EA4EF8BDAC}.Release|Any CPU.ActiveCfg = Release|Any CPU
		{45FD9B7D-FD70-4898-BA03-83EA4EF8BDAC}.Release|Any CPU.Build.0 = Release|Any CPU
	EndGlobalSection
	GlobalSection(SolutionProperties) = preSolution
		HideSolutionNode = FALSE
	EndGlobalSection
	GlobalSection(ExtensibilityGlobals) = postSolution
		SolutionGuid = {7441A867-4EFB-4982-869B-273B005B48DF}
	EndGlobalSection
EndGlobal
